// !$*UTF8*$!
{
	archiveVersion = 1;
	classes = {
	};
	objectVersion = 50;
	objects = {

/* Begin PBXBuildFile section */
		C26DADFD243FC2D500300658 /* Presenter.swift in Sources */ = {isa = PBXBuildFile; fileRef = C26DADFC243FC2D500300658 /* Presenter.swift */; };
		C26DAE00243FC2E600300658 /* Interactor.swift in Sources */ = {isa = PBXBuildFile; fileRef = C26DADFF243FC2E600300658 /* Interactor.swift */; };
		C26DAE02243FC2F000300658 /* Worker.swift in Sources */ = {isa = PBXBuildFile; fileRef = C26DAE01243FC2F000300658 /* Worker.swift */; };
		C26DAE04243FC32E00300658 /* Router.swift in Sources */ = {isa = PBXBuildFile; fileRef = C26DAE03243FC32E00300658 /* Router.swift */; };
		C26DAE06243FC34500300658 /* Routable.swift in Sources */ = {isa = PBXBuildFile; fileRef = C26DAE05243FC34500300658 /* Routable.swift */; };
		C26DAE08243FC6A400300658 /* Encodable + PrettyPrinted.swift in Sources */ = {isa = PBXBuildFile; fileRef = C26DAE07243FC6A400300658 /* Encodable + PrettyPrinted.swift */; };
		C26DAE0A243FD86400300658 /* TableViewDataSourceManager.swift in Sources */ = {isa = PBXBuildFile; fileRef = C26DAE09243FD86400300658 /* TableViewDataSourceManager.swift */; };
		C2E908AE243F3118005F28CA /* AppDelegate.swift in Sources */ = {isa = PBXBuildFile; fileRef = C2E908AD243F3118005F28CA /* AppDelegate.swift */; };
		C2E908B0243F3118005F28CA /* SceneDelegate.swift in Sources */ = {isa = PBXBuildFile; fileRef = C2E908AF243F3118005F28CA /* SceneDelegate.swift */; };
		C2E908B2243F3118005F28CA /* ViewController.swift in Sources */ = {isa = PBXBuildFile; fileRef = C2E908B1243F3118005F28CA /* ViewController.swift */; };
		C2E908B5243F3118005F28CA /* Main.storyboard in Resources */ = {isa = PBXBuildFile; fileRef = C2E908B3243F3118005F28CA /* Main.storyboard */; };
		C2E908B7243F311E005F28CA /* Assets.xcassets in Resources */ = {isa = PBXBuildFile; fileRef = C2E908B6243F311E005F28CA /* Assets.xcassets */; };
		C2E908BA243F311E005F28CA /* LaunchScreen.storyboard in Resources */ = {isa = PBXBuildFile; fileRef = C2E908B8243F311E005F28CA /* LaunchScreen.storyboard */; };
		C2E908C5243F311E005F28CA /* CatsAPITestTests.swift in Sources */ = {isa = PBXBuildFile; fileRef = C2E908C4243F311E005F28CA /* CatsAPITestTests.swift */; };
		C2E908D0243F311E005F28CA /* CatsAPITestUITests.swift in Sources */ = {isa = PBXBuildFile; fileRef = C2E908CF243F311E005F28CA /* CatsAPITestUITests.swift */; };
		C2E908DF243F322E005F28CA /* CatCell.swift in Sources */ = {isa = PBXBuildFile; fileRef = C2E908DD243F322E005F28CA /* CatCell.swift */; };
		C2E908E0243F322E005F28CA /* CatCell.xib in Resources */ = {isa = PBXBuildFile; fileRef = C2E908DE243F322E005F28CA /* CatCell.xib */; };
		C2E908E2243F5CAE005F28CA /* CatDetails.storyboard in Resources */ = {isa = PBXBuildFile; fileRef = C2E908E1243F5CAE005F28CA /* CatDetails.storyboard */; };
		C2E908E4243F6AC5005F28CA /* CatDetailsController.swift in Sources */ = {isa = PBXBuildFile; fileRef = C2E908E3243F6AC5005F28CA /* CatDetailsController.swift */; };
		C2E908E6243F6AD9005F28CA /* CatDetailsView.swift in Sources */ = {isa = PBXBuildFile; fileRef = C2E908E5243F6AD9005F28CA /* CatDetailsView.swift */; };
		C2E908EA243FB6EE005F28CA /* APIClient.swift in Sources */ = {isa = PBXBuildFile; fileRef = C2E908E9243FB6EE005F28CA /* APIClient.swift */; };
		C2E908ED243FB740005F28CA /* Requestable.swift in Sources */ = {isa = PBXBuildFile; fileRef = C2E908EC243FB740005F28CA /* Requestable.swift */; };
		C2E908F0243FB791005F28CA /* UseCase.swift in Sources */ = {isa = PBXBuildFile; fileRef = C2E908EF243FB791005F28CA /* UseCase.swift */; };
		C2E908F3243FB7E5005F28CA /* UITableView+ReloadRows.swift in Sources */ = {isa = PBXBuildFile; fileRef = C2E908F2243FB7E5005F28CA /* UITableView+ReloadRows.swift */; };
		C2E908FD243FB85C005F28CA /* CatsViewModel.swift in Sources */ = {isa = PBXBuildFile; fileRef = C2E908FC243FB85C005F28CA /* CatsViewModel.swift */; };
		C2E908FF243FB88A005F28CA /* CatsPresenter.swift in Sources */ = {isa = PBXBuildFile; fileRef = C2E908FE243FB88A005F28CA /* CatsPresenter.swift */; };
		C2E90902243FB898005F28CA /* CatsInteractor.swift in Sources */ = {isa = PBXBuildFile; fileRef = C2E90901243FB898005F28CA /* CatsInteractor.swift */; };
		C2E90906243FB8AD005F28CA /* CatsWorker.swift in Sources */ = {isa = PBXBuildFile; fileRef = C2E90905243FB8AD005F28CA /* CatsWorker.swift */; };
		C2E90909243FB984005F28CA /* ImageLoader.swift in Sources */ = {isa = PBXBuildFile; fileRef = C2E90908243FB984005F28CA /* ImageLoader.swift */; };
		C2E9090C243FB9A8005F28CA /* CatsReponse.swift in Sources */ = {isa = PBXBuildFile; fileRef = C2E9090B243FB9A8005F28CA /* CatsReponse.swift */; };
		C2E9090F243FB9E2005F28CA /* Params.swift in Sources */ = {isa = PBXBuildFile; fileRef = C2E9090E243FB9E2005F28CA /* Params.swift */; };
		C2E90912243FBF9F005F28CA /* MainRouter.swift in Sources */ = {isa = PBXBuildFile; fileRef = C2E90911243FBF9F005F28CA /* MainRouter.swift */; };
/* End PBXBuildFile section */

/* Begin PBXContainerItemProxy section */
		C2E908C1243F311E005F28CA /* PBXContainerItemProxy */ = {
			isa = PBXContainerItemProxy;
			containerPortal = C2E908A2243F3118005F28CA /* Project object */;
			proxyType = 1;
			remoteGlobalIDString = C2E908A9243F3118005F28CA;
			remoteInfo = CatsAPITest;
		};
		C2E908CC243F311E005F28CA /* PBXContainerItemProxy */ = {
			isa = PBXContainerItemProxy;
			containerPortal = C2E908A2243F3118005F28CA /* Project object */;
			proxyType = 1;
			remoteGlobalIDString = C2E908A9243F3118005F28CA;
			remoteInfo = CatsAPITest;
		};
/* End PBXContainerItemProxy section */

/* Begin PBXFileReference section */
		C26DADFC243FC2D500300658 /* Presenter.swift */ = {isa = PBXFileReference; lastKnownFileType = sourcecode.swift; path = Presenter.swift; sourceTree = "<group>"; };
		C26DADFF243FC2E600300658 /* Interactor.swift */ = {isa = PBXFileReference; lastKnownFileType = sourcecode.swift; path = Interactor.swift; sourceTree = "<group>"; };
		C26DAE01243FC2F000300658 /* Worker.swift */ = {isa = PBXFileReference; lastKnownFileType = sourcecode.swift; path = Worker.swift; sourceTree = "<group>"; };
		C26DAE03243FC32E00300658 /* Router.swift */ = {isa = PBXFileReference; lastKnownFileType = sourcecode.swift; path = Router.swift; sourceTree = "<group>"; };
		C26DAE05243FC34500300658 /* Routable.swift */ = {isa = PBXFileReference; lastKnownFileType = sourcecode.swift; path = Routable.swift; sourceTree = "<group>"; };
		C26DAE07243FC6A400300658 /* Encodable + PrettyPrinted.swift */ = {isa = PBXFileReference; lastKnownFileType = sourcecode.swift; path = "Encodable + PrettyPrinted.swift"; sourceTree = "<group>"; };
		C26DAE09243FD86400300658 /* TableViewDataSourceManager.swift */ = {isa = PBXFileReference; lastKnownFileType = sourcecode.swift; path = TableViewDataSourceManager.swift; sourceTree = "<group>"; };
		C2E908AA243F3118005F28CA /* CatsAPITest.app */ = {isa = PBXFileReference; explicitFileType = wrapper.application; includeInIndex = 0; path = CatsAPITest.app; sourceTree = BUILT_PRODUCTS_DIR; };
		C2E908AD243F3118005F28CA /* AppDelegate.swift */ = {isa = PBXFileReference; lastKnownFileType = sourcecode.swift; path = AppDelegate.swift; sourceTree = "<group>"; };
		C2E908AF243F3118005F28CA /* SceneDelegate.swift */ = {isa = PBXFileReference; lastKnownFileType = sourcecode.swift; path = SceneDelegate.swift; sourceTree = "<group>"; };
		C2E908B1243F3118005F28CA /* ViewController.swift */ = {isa = PBXFileReference; lastKnownFileType = sourcecode.swift; path = ViewController.swift; sourceTree = "<group>"; };
		C2E908B4243F3118005F28CA /* Base */ = {isa = PBXFileReference; lastKnownFileType = file.storyboard; name = Base; path = Base.lproj/Main.storyboard; sourceTree = "<group>"; };
		C2E908B6243F311E005F28CA /* Assets.xcassets */ = {isa = PBXFileReference; lastKnownFileType = folder.assetcatalog; path = Assets.xcassets; sourceTree = "<group>"; };
		C2E908B9243F311E005F28CA /* Base */ = {isa = PBXFileReference; lastKnownFileType = file.storyboard; name = Base; path = Base.lproj/LaunchScreen.storyboard; sourceTree = "<group>"; };
		C2E908BB243F311E005F28CA /* Info.plist */ = {isa = PBXFileReference; lastKnownFileType = text.plist.xml; path = Info.plist; sourceTree = "<group>"; };
		C2E908C0243F311E005F28CA /* CatsAPITestTests.xctest */ = {isa = PBXFileReference; explicitFileType = wrapper.cfbundle; includeInIndex = 0; path = CatsAPITestTests.xctest; sourceTree = BUILT_PRODUCTS_DIR; };
		C2E908C4243F311E005F28CA /* CatsAPITestTests.swift */ = {isa = PBXFileReference; lastKnownFileType = sourcecode.swift; path = CatsAPITestTests.swift; sourceTree = "<group>"; };
		C2E908C6243F311E005F28CA /* Info.plist */ = {isa = PBXFileReference; lastKnownFileType = text.plist.xml; path = Info.plist; sourceTree = "<group>"; };
		C2E908CB243F311E005F28CA /* CatsAPITestUITests.xctest */ = {isa = PBXFileReference; explicitFileType = wrapper.cfbundle; includeInIndex = 0; path = CatsAPITestUITests.xctest; sourceTree = BUILT_PRODUCTS_DIR; };
		C2E908CF243F311E005F28CA /* CatsAPITestUITests.swift */ = {isa = PBXFileReference; lastKnownFileType = sourcecode.swift; path = CatsAPITestUITests.swift; sourceTree = "<group>"; };
		C2E908D1243F311E005F28CA /* Info.plist */ = {isa = PBXFileReference; lastKnownFileType = text.plist.xml; path = Info.plist; sourceTree = "<group>"; };
		C2E908DD243F322E005F28CA /* CatCell.swift */ = {isa = PBXFileReference; lastKnownFileType = sourcecode.swift; path = CatCell.swift; sourceTree = "<group>"; };
		C2E908DE243F322E005F28CA /* CatCell.xib */ = {isa = PBXFileReference; lastKnownFileType = file.xib; path = CatCell.xib; sourceTree = "<group>"; };
		C2E908E1243F5CAE005F28CA /* CatDetails.storyboard */ = {isa = PBXFileReference; lastKnownFileType = file.storyboard; path = CatDetails.storyboard; sourceTree = "<group>"; };
		C2E908E3243F6AC5005F28CA /* CatDetailsController.swift */ = {isa = PBXFileReference; lastKnownFileType = sourcecode.swift; path = CatDetailsController.swift; sourceTree = "<group>"; };
		C2E908E5243F6AD9005F28CA /* CatDetailsView.swift */ = {isa = PBXFileReference; lastKnownFileType = sourcecode.swift; path = CatDetailsView.swift; sourceTree = "<group>"; };
		C2E908E9243FB6EE005F28CA /* APIClient.swift */ = {isa = PBXFileReference; lastKnownFileType = sourcecode.swift; path = APIClient.swift; sourceTree = "<group>"; };
		C2E908EC243FB740005F28CA /* Requestable.swift */ = {isa = PBXFileReference; lastKnownFileType = sourcecode.swift; path = Requestable.swift; sourceTree = "<group>"; };
		C2E908EF243FB791005F28CA /* UseCase.swift */ = {isa = PBXFileReference; lastKnownFileType = sourcecode.swift; path = UseCase.swift; sourceTree = "<group>"; };
		C2E908F2243FB7E5005F28CA /* UITableView+ReloadRows.swift */ = {isa = PBXFileReference; lastKnownFileType = sourcecode.swift; path = "UITableView+ReloadRows.swift"; sourceTree = "<group>"; };
		C2E908FC243FB85C005F28CA /* CatsViewModel.swift */ = {isa = PBXFileReference; lastKnownFileType = sourcecode.swift; path = CatsViewModel.swift; sourceTree = "<group>"; };
		C2E908FE243FB88A005F28CA /* CatsPresenter.swift */ = {isa = PBXFileReference; lastKnownFileType = sourcecode.swift; path = CatsPresenter.swift; sourceTree = "<group>"; };
		C2E90901243FB898005F28CA /* CatsInteractor.swift */ = {isa = PBXFileReference; lastKnownFileType = sourcecode.swift; path = CatsInteractor.swift; sourceTree = "<group>"; };
		C2E90905243FB8AD005F28CA /* CatsWorker.swift */ = {isa = PBXFileReference; lastKnownFileType = sourcecode.swift; path = CatsWorker.swift; sourceTree = "<group>"; };
		C2E90908243FB984005F28CA /* ImageLoader.swift */ = {isa = PBXFileReference; lastKnownFileType = sourcecode.swift; path = ImageLoader.swift; sourceTree = "<group>"; };
		C2E9090B243FB9A8005F28CA /* CatsReponse.swift */ = {isa = PBXFileReference; lastKnownFileType = sourcecode.swift; path = CatsReponse.swift; sourceTree = "<group>"; };
		C2E9090E243FB9E2005F28CA /* Params.swift */ = {isa = PBXFileReference; lastKnownFileType = sourcecode.swift; path = Params.swift; sourceTree = "<group>"; };
		C2E90911243FBF9F005F28CA /* MainRouter.swift */ = {isa = PBXFileReference; lastKnownFileType = sourcecode.swift; path = MainRouter.swift; sourceTree = "<group>"; };
/* End PBXFileReference section */

/* Begin PBXFrameworksBuildPhase section */
		C2E908A7243F3118005F28CA /* Frameworks */ = {
			isa = PBXFrameworksBuildPhase;
			buildActionMask = 2147483647;
			files = (
			);
			runOnlyForDeploymentPostprocessing = 0;
		};
		C2E908BD243F311E005F28CA /* Frameworks */ = {
			isa = PBXFrameworksBuildPhase;
			buildActionMask = 2147483647;
			files = (
			);
			runOnlyForDeploymentPostprocessing = 0;
		};
		C2E908C8243F311E005F28CA /* Frameworks */ = {
			isa = PBXFrameworksBuildPhase;
			buildActionMask = 2147483647;
			files = (
			);
			runOnlyForDeploymentPostprocessing = 0;
		};
/* End PBXFrameworksBuildPhase section */

/* Begin PBXGroup section */
		C26DADFB243FC2C700300658 /* VIP */ = {
			isa = PBXGroup;
			children = (
				C26DADFC243FC2D500300658 /* Presenter.swift */,
				C26DAE01243FC2F000300658 /* Worker.swift */,
				C26DADFF243FC2E600300658 /* Interactor.swift */,
				C26DAE05243FC34500300658 /* Routable.swift */,
				C26DAE03243FC32E00300658 /* Router.swift */,
			);
			path = VIP;
			sourceTree = "<group>";
		};
		C2E908A1243F3118005F28CA = {
			isa = PBXGroup;
			children = (
				C2E908AC243F3118005F28CA /* CatsAPITest */,
				C2E908C3243F311E005F28CA /* CatsAPITestTests */,
				C2E908CE243F311E005F28CA /* CatsAPITestUITests */,
				C2E908AB243F3118005F28CA /* Products */,
			);
			sourceTree = "<group>";
		};
		C2E908AB243F3118005F28CA /* Products */ = {
			isa = PBXGroup;
			children = (
				C2E908AA243F3118005F28CA /* CatsAPITest.app */,
				C2E908C0243F311E005F28CA /* CatsAPITestTests.xctest */,
				C2E908CB243F311E005F28CA /* CatsAPITestUITests.xctest */,
			);
			name = Products;
			sourceTree = "<group>";
		};
		C2E908AC243F3118005F28CA /* CatsAPITest */ = {
			isa = PBXGroup;
			children = (
				C26DADFB243FC2C700300658 /* VIP */,
				C2E908AD243F3118005F28CA /* AppDelegate.swift */,
				C2E908AF243F3118005F28CA /* SceneDelegate.swift */,
				C2E908E7243FB6D2005F28CA /* API */,
				C2E90914243FC011005F28CA /* CatDetailsScene */,
				C2E908F5243FB80B005F28CA /* CatsMainScene */,
				C2E908F1243FB7D5005F28CA /* Extensions */,
				C2E90907243FB970005F28CA /* HELPERS */,
				C2E908B6243F311E005F28CA /* Assets.xcassets */,
				C2E908B8243F311E005F28CA /* LaunchScreen.storyboard */,
				C2E908BB243F311E005F28CA /* Info.plist */,
			);
			path = CatsAPITest;
			sourceTree = "<group>";
		};
		C2E908C3243F311E005F28CA /* CatsAPITestTests */ = {
			isa = PBXGroup;
			children = (
				C2E908C4243F311E005F28CA /* CatsAPITestTests.swift */,
				C2E908C6243F311E005F28CA /* Info.plist */,
			);
			path = CatsAPITestTests;
			sourceTree = "<group>";
		};
		C2E908CE243F311E005F28CA /* CatsAPITestUITests */ = {
			isa = PBXGroup;
			children = (
				C2E908CF243F311E005F28CA /* CatsAPITestUITests.swift */,
				C2E908D1243F311E005F28CA /* Info.plist */,
			);
			path = CatsAPITestUITests;
			sourceTree = "<group>";
		};
		C2E908E7243FB6D2005F28CA /* API */ = {
			isa = PBXGroup;
			children = (
				C2E9090D243FB9D9005F28CA /* Params */,
				C2E9090A243FB99B005F28CA /* Response */,
				C2E908EE243FB782005F28CA /* UseCase */,
				C2E908EB243FB733005F28CA /* Requestable */,
				C2E908E8243FB6DE005F28CA /* CLIENT */,
			);
			path = API;
			sourceTree = "<group>";
		};
		C2E908E8243FB6DE005F28CA /* CLIENT */ = {
			isa = PBXGroup;
			children = (
				C2E908E9243FB6EE005F28CA /* APIClient.swift */,
			);
			path = CLIENT;
			sourceTree = "<group>";
		};
		C2E908EB243FB733005F28CA /* Requestable */ = {
			isa = PBXGroup;
			children = (
				C2E908EC243FB740005F28CA /* Requestable.swift */,
			);
			path = Requestable;
			sourceTree = "<group>";
		};
		C2E908EE243FB782005F28CA /* UseCase */ = {
			isa = PBXGroup;
			children = (
				C2E908EF243FB791005F28CA /* UseCase.swift */,
			);
			path = UseCase;
			sourceTree = "<group>";
		};
		C2E908F1243FB7D5005F28CA /* Extensions */ = {
			isa = PBXGroup;
			children = (
				C2E908F2243FB7E5005F28CA /* UITableView+ReloadRows.swift */,
				C26DAE07243FC6A400300658 /* Encodable + PrettyPrinted.swift */,
			);
			path = Extensions;
			sourceTree = "<group>";
		};
		C2E908F5243FB80B005F28CA /* CatsMainScene */ = {
			isa = PBXGroup;
			children = (
				C2E90910243FBF95005F28CA /* Router */,
				C2E908FB243FB845005F28CA /* View */,
				C2E908FA243FB82D005F28CA /* ViewModel */,
				C2E908F9243FB828005F28CA /* Presenter */,
				C2E908F8243FB822005F28CA /* Interactor */,
				C2E908F7243FB81B005F28CA /* Worker */,
				C2E908F6243FB815005F28CA /* Controller */,
			);
			path = CatsMainScene;
			sourceTree = "<group>";
		};
		C2E908F6243FB815005F28CA /* Controller */ = {
			isa = PBXGroup;
			children = (
				C2E908B1243F3118005F28CA /* ViewController.swift */,
				C26DAE09243FD86400300658 /* TableViewDataSourceManager.swift */,
			);
			path = Controller;
			sourceTree = "<group>";
		};
		C2E908F7243FB81B005F28CA /* Worker */ = {
			isa = PBXGroup;
			children = (
				C2E90905243FB8AD005F28CA /* CatsWorker.swift */,
			);
			path = Worker;
			sourceTree = "<group>";
		};
		C2E908F8243FB822005F28CA /* Interactor */ = {
			isa = PBXGroup;
			children = (
				C2E90901243FB898005F28CA /* CatsInteractor.swift */,
			);
			path = Interactor;
			sourceTree = "<group>";
		};
		C2E908F9243FB828005F28CA /* Presenter */ = {
			isa = PBXGroup;
			children = (
				C2E908FE243FB88A005F28CA /* CatsPresenter.swift */,
			);
			path = Presenter;
			sourceTree = "<group>";
		};
		C2E908FA243FB82D005F28CA /* ViewModel */ = {
			isa = PBXGroup;
			children = (
				C2E908FC243FB85C005F28CA /* CatsViewModel.swift */,
			);
			path = ViewModel;
			sourceTree = "<group>";
		};
		C2E908FB243FB845005F28CA /* View */ = {
			isa = PBXGroup;
			children = (
				C2E90916243FC026005F28CA /* CatCell */,
				C2E908B3243F3118005F28CA /* Main.storyboard */,
			);
			path = View;
			sourceTree = "<group>";
		};
		C2E90907243FB970005F28CA /* HELPERS */ = {
			isa = PBXGroup;
			children = (
				C2E90908243FB984005F28CA /* ImageLoader.swift */,
			);
			path = HELPERS;
			sourceTree = "<group>";
		};
		C2E9090A243FB99B005F28CA /* Response */ = {
			isa = PBXGroup;
			children = (
				C2E9090B243FB9A8005F28CA /* CatsReponse.swift */,
			);
			path = Response;
			sourceTree = "<group>";
		};
		C2E9090D243FB9D9005F28CA /* Params */ = {
			isa = PBXGroup;
			children = (
				C2E9090E243FB9E2005F28CA /* Params.swift */,
			);
			path = Params;
			sourceTree = "<group>";
		};
		C2E90910243FBF95005F28CA /* Router */ = {
			isa = PBXGroup;
			children = (
				C2E90911243FBF9F005F28CA /* MainRouter.swift */,
			);
			path = Router;
			sourceTree = "<group>";
		};
		C2E90914243FC011005F28CA /* CatDetailsScene */ = {
			isa = PBXGroup;
			children = (
				C2E90917243FC038005F28CA /* View */,
				C2E90915243FC01A005F28CA /* Controller */,
			);
			path = CatDetailsScene;
			sourceTree = "<group>";
		};
		C2E90915243FC01A005F28CA /* Controller */ = {
			isa = PBXGroup;
			children = (
				C2E908E3243F6AC5005F28CA /* CatDetailsController.swift */,
			);
			path = Controller;
			sourceTree = "<group>";
		};
		C2E90916243FC026005F28CA /* CatCell */ = {
			isa = PBXGroup;
			children = (
				C2E908DD243F322E005F28CA /* CatCell.swift */,
				C2E908DE243F322E005F28CA /* CatCell.xib */,
			);
			path = CatCell;
			sourceTree = "<group>";
		};
		C2E90917243FC038005F28CA /* View */ = {
			isa = PBXGroup;
			children = (
				C2E908E5243F6AD9005F28CA /* CatDetailsView.swift */,
				C2E908E1243F5CAE005F28CA /* CatDetails.storyboard */,
			);
			path = View;
			sourceTree = "<group>";
		};
/* End PBXGroup section */

/* Begin PBXNativeTarget section */
		C2E908A9243F3118005F28CA /* CatsAPITest */ = {
			isa = PBXNativeTarget;
			buildConfigurationList = C2E908D4243F311E005F28CA /* Build configuration list for PBXNativeTarget "CatsAPITest" */;
			buildPhases = (
				C2E908A6243F3118005F28CA /* Sources */,
				C2E908A7243F3118005F28CA /* Frameworks */,
				C2E908A8243F3118005F28CA /* Resources */,
			);
			buildRules = (
			);
			dependencies = (
			);
			name = CatsAPITest;
			productName = CatsAPITest;
			productReference = C2E908AA243F3118005F28CA /* CatsAPITest.app */;
			productType = "com.apple.product-type.application";
		};
		C2E908BF243F311E005F28CA /* CatsAPITestTests */ = {
			isa = PBXNativeTarget;
			buildConfigurationList = C2E908D7243F311E005F28CA /* Build configuration list for PBXNativeTarget "CatsAPITestTests" */;
			buildPhases = (
				C2E908BC243F311E005F28CA /* Sources */,
				C2E908BD243F311E005F28CA /* Frameworks */,
				C2E908BE243F311E005F28CA /* Resources */,
			);
			buildRules = (
			);
			dependencies = (
				C2E908C2243F311E005F28CA /* PBXTargetDependency */,
			);
			name = CatsAPITestTests;
			productName = CatsAPITestTests;
			productReference = C2E908C0243F311E005F28CA /* CatsAPITestTests.xctest */;
			productType = "com.apple.product-type.bundle.unit-test";
		};
		C2E908CA243F311E005F28CA /* CatsAPITestUITests */ = {
			isa = PBXNativeTarget;
			buildConfigurationList = C2E908DA243F311E005F28CA /* Build configuration list for PBXNativeTarget "CatsAPITestUITests" */;
			buildPhases = (
				C2E908C7243F311E005F28CA /* Sources */,
				C2E908C8243F311E005F28CA /* Frameworks */,
				C2E908C9243F311E005F28CA /* Resources */,
			);
			buildRules = (
			);
			dependencies = (
				C2E908CD243F311E005F28CA /* PBXTargetDependency */,
			);
			name = CatsAPITestUITests;
			productName = CatsAPITestUITests;
			productReference = C2E908CB243F311E005F28CA /* CatsAPITestUITests.xctest */;
			productType = "com.apple.product-type.bundle.ui-testing";
		};
/* End PBXNativeTarget section */

/* Begin PBXProject section */
		C2E908A2243F3118005F28CA /* Project object */ = {
			isa = PBXProject;
			attributes = {
				LastSwiftUpdateCheck = 1130;
				LastUpgradeCheck = 1130;
				ORGANIZATIONNAME = "Andrey Petrovskiy";
				TargetAttributes = {
					C2E908A9243F3118005F28CA = {
						CreatedOnToolsVersion = 11.3.1;
					};
					C2E908BF243F311E005F28CA = {
						CreatedOnToolsVersion = 11.3.1;
						TestTargetID = C2E908A9243F3118005F28CA;
					};
					C2E908CA243F311E005F28CA = {
						CreatedOnToolsVersion = 11.3.1;
						TestTargetID = C2E908A9243F3118005F28CA;
					};
				};
			};
			buildConfigurationList = C2E908A5243F3118005F28CA /* Build configuration list for PBXProject "CatsAPITest" */;
			compatibilityVersion = "Xcode 9.3";
			developmentRegion = en;
			hasScannedForEncodings = 0;
			knownRegions = (
				en,
				Base,
			);
			mainGroup = C2E908A1243F3118005F28CA;
			productRefGroup = C2E908AB243F3118005F28CA /* Products */;
			projectDirPath = "";
			projectRoot = "";
			targets = (
				C2E908A9243F3118005F28CA /* CatsAPITest */,
				C2E908BF243F311E005F28CA /* CatsAPITestTests */,
				C2E908CA243F311E005F28CA /* CatsAPITestUITests */,
			);
		};
/* End PBXProject section */

/* Begin PBXResourcesBuildPhase section */
		C2E908A8243F3118005F28CA /* Resources */ = {
			isa = PBXResourcesBuildPhase;
			buildActionMask = 2147483647;
			files = (
				C2E908E0243F322E005F28CA /* CatCell.xib in Resources */,
				C2E908BA243F311E005F28CA /* LaunchScreen.storyboard in Resources */,
				C2E908E2243F5CAE005F28CA /* CatDetails.storyboard in Resources */,
				C2E908B7243F311E005F28CA /* Assets.xcassets in Resources */,
				C2E908B5243F3118005F28CA /* Main.storyboard in Resources */,
			);
			runOnlyForDeploymentPostprocessing = 0;
		};
		C2E908BE243F311E005F28CA /* Resources */ = {
			isa = PBXResourcesBuildPhase;
			buildActionMask = 2147483647;
			files = (
			);
			runOnlyForDeploymentPostprocessing = 0;
		};
		C2E908C9243F311E005F28CA /* Resources */ = {
			isa = PBXResourcesBuildPhase;
			buildActionMask = 2147483647;
			files = (
			);
			runOnlyForDeploymentPostprocessing = 0;
		};
/* End PBXResourcesBuildPhase section */

/* Begin PBXSourcesBuildPhase section */
		C2E908A6243F3118005F28CA /* Sources */ = {
			isa = PBXSourcesBuildPhase;
			buildActionMask = 2147483647;
			files = (
				C26DAE08243FC6A400300658 /* Encodable + PrettyPrinted.swift in Sources */,
				C26DAE04243FC32E00300658 /* Router.swift in Sources */,
				C2E908DF243F322E005F28CA /* CatCell.swift in Sources */,
				C26DADFD243FC2D500300658 /* Presenter.swift in Sources */,
				C26DAE00243FC2E600300658 /* Interactor.swift in Sources */,
				C26DAE06243FC34500300658 /* Routable.swift in Sources */,
				C2E908ED243FB740005F28CA /* Requestable.swift in Sources */,
				C2E90909243FB984005F28CA /* ImageLoader.swift in Sources */,
				C2E9090C243FB9A8005F28CA /* CatsReponse.swift in Sources */,
				C2E90912243FBF9F005F28CA /* MainRouter.swift in Sources */,
				C26DAE0A243FD86400300658 /* TableViewDataSourceManager.swift in Sources */,
				C2E908FD243FB85C005F28CA /* CatsViewModel.swift in Sources */,
				C2E908EA243FB6EE005F28CA /* APIClient.swift in Sources */,
				C2E90902243FB898005F28CA /* CatsInteractor.swift in Sources */,
				C2E908F3243FB7E5005F28CA /* UITableView+ReloadRows.swift in Sources */,
				C2E908B2243F3118005F28CA /* ViewController.swift in Sources */,
				C2E908E4243F6AC5005F28CA /* CatDetailsController.swift in Sources */,
				C26DAE02243FC2F000300658 /* Worker.swift in Sources */,
				C2E908AE243F3118005F28CA /* AppDelegate.swift in Sources */,
				C2E908F0243FB791005F28CA /* UseCase.swift in Sources */,
				C2E9090F243FB9E2005F28CA /* Params.swift in Sources */,
				C2E908FF243FB88A005F28CA /* CatsPresenter.swift in Sources */,
				C2E908E6243F6AD9005F28CA /* CatDetailsView.swift in Sources */,
				C2E90906243FB8AD005F28CA /* CatsWorker.swift in Sources */,
				C2E908B0243F3118005F28CA /* SceneDelegate.swift in Sources */,
			);
			runOnlyForDeploymentPostprocessing = 0;
		};
		C2E908BC243F311E005F28CA /* Sources */ = {
			isa = PBXSourcesBuildPhase;
			buildActionMask = 2147483647;
			files = (
				C2E908C5243F311E005F28CA /* CatsAPITestTests.swift in Sources */,
			);
			runOnlyForDeploymentPostprocessing = 0;
		};
		C2E908C7243F311E005F28CA /* Sources */ = {
			isa = PBXSourcesBuildPhase;
			buildActionMask = 2147483647;
			files = (
				C2E908D0243F311E005F28CA /* CatsAPITestUITests.swift in Sources */,
			);
			runOnlyForDeploymentPostprocessing = 0;
		};
/* End PBXSourcesBuildPhase section */

/* Begin PBXTargetDependency section */
		C2E908C2243F311E005F28CA /* PBXTargetDependency */ = {
			isa = PBXTargetDependency;
			target = C2E908A9243F3118005F28CA /* CatsAPITest */;
			targetProxy = C2E908C1243F311E005F28CA /* PBXContainerItemProxy */;
		};
		C2E908CD243F311E005F28CA /* PBXTargetDependency */ = {
			isa = PBXTargetDependency;
			target = C2E908A9243F3118005F28CA /* CatsAPITest */;
			targetProxy = C2E908CC243F311E005F28CA /* PBXContainerItemProxy */;
		};
/* End PBXTargetDependency section */

/* Begin PBXVariantGroup section */
		C2E908B3243F3118005F28CA /* Main.storyboard */ = {
			isa = PBXVariantGroup;
			children = (
				C2E908B4243F3118005F28CA /* Base */,
			);
			name = Main.storyboard;
			sourceTree = "<group>";
		};
		C2E908B8243F311E005F28CA /* LaunchScreen.storyboard */ = {
			isa = PBXVariantGroup;
			children = (
				C2E908B9243F311E005F28CA /* Base */,
			);
			name = LaunchScreen.storyboard;
			sourceTree = "<group>";
		};
/* End PBXVariantGroup section */

/* Begin XCBuildConfiguration section */
		C2E908D2243F311E005F28CA /* Debug */ = {
			isa = XCBuildConfiguration;
			buildSettings = {
				ALWAYS_SEARCH_USER_PATHS = NO;
				CLANG_ANALYZER_NONNULL = YES;
				CLANG_ANALYZER_NUMBER_OBJECT_CONVERSION = YES_AGGRESSIVE;
				CLANG_CXX_LANGUAGE_STANDARD = "gnu++14";
				CLANG_CXX_LIBRARY = "libc++";
				CLANG_ENABLE_MODULES = YES;
				CLANG_ENABLE_OBJC_ARC = YES;
				CLANG_ENABLE_OBJC_WEAK = YES;
				CLANG_WARN_BLOCK_CAPTURE_AUTORELEASING = YES;
				CLANG_WARN_BOOL_CONVERSION = YES;
				CLANG_WARN_COMMA = YES;
				CLANG_WARN_CONSTANT_CONVERSION = YES;
				CLANG_WARN_DEPRECATED_OBJC_IMPLEMENTATIONS = YES;
				CLANG_WARN_DIRECT_OBJC_ISA_USAGE = YES_ERROR;
				CLANG_WARN_DOCUMENTATION_COMMENTS = YES;
				CLANG_WARN_EMPTY_BODY = YES;
				CLANG_WARN_ENUM_CONVERSION = YES;
				CLANG_WARN_INFINITE_RECURSION = YES;
				CLANG_WARN_INT_CONVERSION = YES;
				CLANG_WARN_NON_LITERAL_NULL_CONVERSION = YES;
				CLANG_WARN_OBJC_IMPLICIT_RETAIN_SELF = YES;
				CLANG_WARN_OBJC_LITERAL_CONVERSION = YES;
				CLANG_WARN_OBJC_ROOT_CLASS = YES_ERROR;
				CLANG_WARN_RANGE_LOOP_ANALYSIS = YES;
				CLANG_WARN_STRICT_PROTOTYPES = YES;
				CLANG_WARN_SUSPICIOUS_MOVE = YES;
				CLANG_WARN_UNGUARDED_AVAILABILITY = YES_AGGRESSIVE;
				CLANG_WARN_UNREACHABLE_CODE = YES;
				CLANG_WARN__DUPLICATE_METHOD_MATCH = YES;
				COPY_PHASE_STRIP = NO;
				DEBUG_INFORMATION_FORMAT = dwarf;
				ENABLE_STRICT_OBJC_MSGSEND = YES;
				ENABLE_TESTABILITY = YES;
				GCC_C_LANGUAGE_STANDARD = gnu11;
				GCC_DYNAMIC_NO_PIC = NO;
				GCC_NO_COMMON_BLOCKS = YES;
				GCC_OPTIMIZATION_LEVEL = 0;
				GCC_PREPROCESSOR_DEFINITIONS = (
					"DEBUG=1",
					"$(inherited)",
				);
				GCC_WARN_64_TO_32_BIT_CONVERSION = YES;
				GCC_WARN_ABOUT_RETURN_TYPE = YES_ERROR;
				GCC_WARN_UNDECLARED_SELECTOR = YES;
				GCC_WARN_UNINITIALIZED_AUTOS = YES_AGGRESSIVE;
				GCC_WARN_UNUSED_FUNCTION = YES;
				GCC_WARN_UNUSED_VARIABLE = YES;
				IPHONEOS_DEPLOYMENT_TARGET = 13.2;
				MTL_ENABLE_DEBUG_INFO = INCLUDE_SOURCE;
				MTL_FAST_MATH = YES;
				ONLY_ACTIVE_ARCH = YES;
				SDKROOT = iphoneos;
				SWIFT_ACTIVE_COMPILATION_CONDITIONS = DEBUG;
				SWIFT_OPTIMIZATION_LEVEL = "-Onone";
			};
			name = Debug;
		};
		C2E908D3243F311E005F28CA /* Release */ = {
			isa = XCBuildConfiguration;
			buildSettings = {
				ALWAYS_SEARCH_USER_PATHS = NO;
				CLANG_ANALYZER_NONNULL = YES;
				CLANG_ANALYZER_NUMBER_OBJECT_CONVERSION = YES_AGGRESSIVE;
				CLANG_CXX_LANGUAGE_STANDARD = "gnu++14";
				CLANG_CXX_LIBRARY = "libc++";
				CLANG_ENABLE_MODULES = YES;
				CLANG_ENABLE_OBJC_ARC = YES;
				CLANG_ENABLE_OBJC_WEAK = YES;
				CLANG_WARN_BLOCK_CAPTURE_AUTORELEASING = YES;
				CLANG_WARN_BOOL_CONVERSION = YES;
				CLANG_WARN_COMMA = YES;
				CLANG_WARN_CONSTANT_CONVERSION = YES;
				CLANG_WARN_DEPRECATED_OBJC_IMPLEMENTATIONS = YES;
				CLANG_WARN_DIRECT_OBJC_ISA_USAGE = YES_ERROR;
				CLANG_WARN_DOCUMENTATION_COMMENTS = YES;
				CLANG_WARN_EMPTY_BODY = YES;
				CLANG_WARN_ENUM_CONVERSION = YES;
				CLANG_WARN_INFINITE_RECURSION = YES;
				CLANG_WARN_INT_CONVERSION = YES;
				CLANG_WARN_NON_LITERAL_NULL_CONVERSION = YES;
				CLANG_WARN_OBJC_IMPLICIT_RETAIN_SELF = YES;
				CLANG_WARN_OBJC_LITERAL_CONVERSION = YES;
				CLANG_WARN_OBJC_ROOT_CLASS = YES_ERROR;
				CLANG_WARN_RANGE_LOOP_ANALYSIS = YES;
				CLANG_WARN_STRICT_PROTOTYPES = YES;
				CLANG_WARN_SUSPICIOUS_MOVE = YES;
				CLANG_WARN_UNGUARDED_AVAILABILITY = YES_AGGRESSIVE;
				CLANG_WARN_UNREACHABLE_CODE = YES;
				CLANG_WARN__DUPLICATE_METHOD_MATCH = YES;
				COPY_PHASE_STRIP = NO;
				DEBUG_INFORMATION_FORMAT = "dwarf-with-dsym";
				ENABLE_NS_ASSERTIONS = NO;
				ENABLE_STRICT_OBJC_MSGSEND = YES;
				GCC_C_LANGUAGE_STANDARD = gnu11;
				GCC_NO_COMMON_BLOCKS = YES;
				GCC_WARN_64_TO_32_BIT_CONVERSION = YES;
				GCC_WARN_ABOUT_RETURN_TYPE = YES_ERROR;
				GCC_WARN_UNDECLARED_SELECTOR = YES;
				GCC_WARN_UNINITIALIZED_AUTOS = YES_AGGRESSIVE;
				GCC_WARN_UNUSED_FUNCTION = YES;
				GCC_WARN_UNUSED_VARIABLE = YES;
				IPHONEOS_DEPLOYMENT_TARGET = 13.2;
				MTL_ENABLE_DEBUG_INFO = NO;
				MTL_FAST_MATH = YES;
				SDKROOT = iphoneos;
				SWIFT_COMPILATION_MODE = wholemodule;
				SWIFT_OPTIMIZATION_LEVEL = "-O";
				VALIDATE_PRODUCT = YES;
			};
			name = Release;
		};
		C2E908D5243F311E005F28CA /* Debug */ = {
			isa = XCBuildConfiguration;
			buildSettings = {
				ASSETCATALOG_COMPILER_APPICON_NAME = AppIcon;
				CODE_SIGN_STYLE = Automatic;
				DEVELOPMENT_TEAM = SSF7F7A55A;
				INFOPLIST_FILE = CatsAPITest/Info.plist;
				LD_RUNPATH_SEARCH_PATHS = (
					"$(inherited)",
					"@executable_path/Frameworks",
				);
				PRODUCT_BUNDLE_IDENTIFIER = com.CatsAPITest;
				PRODUCT_NAME = "$(TARGET_NAME)";
				SWIFT_VERSION = 5.0;
				TARGETED_DEVICE_FAMILY = "1,2";
			};
			name = Debug;
		};
		C2E908D6243F311E005F28CA /* Release */ = {
			isa = XCBuildConfiguration;
			buildSettings = {
				ASSETCATALOG_COMPILER_APPICON_NAME = AppIcon;
				CODE_SIGN_STYLE = Automatic;
				DEVELOPMENT_TEAM = SSF7F7A55A;
				INFOPLIST_FILE = CatsAPITest/Info.plist;
				LD_RUNPATH_SEARCH_PATHS = (
					"$(inherited)",
					"@executable_path/Frameworks",
				);
				PRODUCT_BUNDLE_IDENTIFIER = com.CatsAPITest;
				PRODUCT_NAME = "$(TARGET_NAME)";
				SWIFT_VERSION = 5.0;
				TARGETED_DEVICE_FAMILY = "1,2";
			};
			name = Release;
		};
		C2E908D8243F311E005F28CA /* Debug */ = {
			isa = XCBuildConfiguration;
			buildSettings = {
				ALWAYS_EMBED_SWIFT_STANDARD_LIBRARIES = YES;
				BUNDLE_LOADER = "$(TEST_HOST)";
				CODE_SIGN_STYLE = Automatic;
				DEVELOPMENT_TEAM = SSF7F7A55A;
				INFOPLIST_FILE = CatsAPITestTests/Info.plist;
				IPHONEOS_DEPLOYMENT_TARGET = 13.2;
				LD_RUNPATH_SEARCH_PATHS = (
					"$(inherited)",
					"@executable_path/Frameworks",
					"@loader_path/Frameworks",
				);
				PRODUCT_BUNDLE_IDENTIFIER = com.CatsAPITestTests;
				PRODUCT_NAME = "$(TARGET_NAME)";
				SWIFT_VERSION = 5.0;
				TARGETED_DEVICE_FAMILY = "1,2";
				TEST_HOST = "$(BUILT_PRODUCTS_DIR)/CatsAPITest.app/CatsAPITest";
			};
			name = Debug;
		};
		C2E908D9243F311E005F28CA /* Release */ = {
			isa = XCBuildConfiguration;
			buildSettings = {
				ALWAYS_EMBED_SWIFT_STANDARD_LIBRARIES = YES;
				BUNDLE_LOADER = "$(TEST_HOST)";
				CODE_SIGN_STYLE = Automatic;
				DEVELOPMENT_TEAM = SSF7F7A55A;
				INFOPLIST_FILE = CatsAPITestTests/Info.plist;
				IPHONEOS_DEPLOYMENT_TARGET = 13.2;
				LD_RUNPATH_SEARCH_PATHS = (
					"$(inherited)",
					"@executable_path/Frameworks",
					"@loader_path/Frameworks",
				);
				PRODUCT_BUNDLE_IDENTIFIER = com.CatsAPITestTests;
				PRODUCT_NAME = "$(TARGET_NAME)";
				SWIFT_VERSION = 5.0;
				TARGETED_DEVICE_FAMILY = "1,2";
				TEST_HOST = "$(BUILT_PRODUCTS_DIR)/CatsAPITest.app/CatsAPITest";
			};
			name = Release;
		};
		C2E908DB243F311E005F28CA /* Debug */ = {
			isa = XCBuildConfiguration;
			buildSettings = {
				ALWAYS_EMBED_SWIFT_STANDARD_LIBRARIES = YES;
				CODE_SIGN_STYLE = Automatic;
				DEVELOPMENT_TEAM = SSF7F7A55A;
				INFOPLIST_FILE = CatsAPITestUITests/Info.plist;
				LD_RUNPATH_SEARCH_PATHS = (
					"$(inherited)",
					"@executable_path/Frameworks",
					"@loader_path/Frameworks",
				);
				PRODUCT_BUNDLE_IDENTIFIER = com.CatsAPITestUITests;
				PRODUCT_NAME = "$(TARGET_NAME)";
				SWIFT_VERSION = 5.0;
				TARGETED_DEVICE_FAMILY = "1,2";
				TEST_TARGET_NAME = CatsAPITest;
			};
			name = Debug;
		};
		C2E908DC243F311E005F28CA /* Release */ = {
			isa = XCBuildConfiguration;
			buildSettings = {
				ALWAYS_EMBED_SWIFT_STANDARD_LIBRARIES = YES;
				CODE_SIGN_STYLE = Automatic;
				DEVELOPMENT_TEAM = SSF7F7A55A;
				INFOPLIST_FILE = CatsAPITestUITests/Info.plist;
				LD_RUNPATH_SEARCH_PATHS = (
					"$(inherited)",
					"@executable_path/Frameworks",
					"@loader_path/Frameworks",
				);
				PRODUCT_BUNDLE_IDENTIFIER = com.CatsAPITestUITests;
				PRODUCT_NAME = "$(TARGET_NAME)";
				SWIFT_VERSION = 5.0;
				TARGETED_DEVICE_FAMILY = "1,2";
				TEST_TARGET_NAME = CatsAPITest;
			};
			name = Release;
		};
/* End XCBuildConfiguration section */

/* Begin XCConfigurationList section */
		C2E908A5243F3118005F28CA /* Build configuration list for PBXProject "CatsAPITest" */ = {
			isa = XCConfigurationList;
			buildConfigurations = (
				C2E908D2243F311E005F28CA /* Debug */,
				C2E908D3243F311E005F28CA /* Release */,
			);
			defaultConfigurationIsVisible = 0;
			defaultConfigurationName = Release;
		};
		C2E908D4243F311E005F28CA /* Build configuration list for PBXNativeTarget "CatsAPITest" */ = {
			isa = XCConfigurationList;
			buildConfigurations = (
				C2E908D5243F311E005F28CA /* Debug */,
				C2E908D6243F311E005F28CA /* Release */,
			);
			defaultConfigurationIsVisible = 0;
			defaultConfigurationName = Release;
		};
		C2E908D7243F311E005F28CA /* Build configuration list for PBXNativeTarget "CatsAPITestTests" */ = {
			isa = XCConfigurationList;
			buildConfigurations = (
				C2E908D8243F311E005F28CA /* Debug */,
				C2E908D9243F311E005F28CA /* Release */,
			);
			defaultConfigurationIsVisible = 0;
			defaultConfigurationName = Release;
		};
		C2E908DA243F311E005F28CA /* Build configuration list for PBXNativeTarget "CatsAPITestUITests" */ = {
			isa = XCConfigurationList;
			buildConfigurations = (
				C2E908DB243F311E005F28CA /* Debug */,
				C2E908DC243F311E005F28CA /* Release */,
			);
			defaultConfigurationIsVisible = 0;
			defaultConfigurationName = Release;
		};
/* End XCConfigurationList section */
	};
	rootObject = C2E908A2243F3118005F28CA /* Project object */;
}
